dependencies:
- name: common
  repository: oci://registry-1.docker.io/bitnamicharts
  version: 2.28.0
- name: postgresql
  repository: oci://registry-1.docker.io/bitnamicharts
  version: 16.3.4
digest: sha256:407ed7c8eef03941a4212b20813e97946dc24f6531e902e953b6c2432000f8c5
generated: "2024-12-27T17:19:44.601242016+07:00"
