dependencies:
- name: common
  repository: oci://registry-1.docker.io/bitnamicharts
  version: 2.28.0
- name: postgresql
  repository: oci://registry-1.docker.io/bitnamicharts
  version: 16.3.3
digest: sha256:795671ff4320a7960135214283af1b39eb5cf733798732200caa8fa6bfcdc3c2
generated: "2024-12-23T10:06:35.090976385+07:00"
