dependencies:
- name: kibana
  repository: https://charts.bitnami.com/bitnami
  version: 10.13.0
- name: common
  repository: https://charts.bitnami.com/bitnami
  version: 1.17.1
digest: sha256:53688601d68fe45d67c6f3f35b70f4228794e834f18a19e7a00cbf13df947588
generated: "2024-12-17T14:22:31.961080345+07:00"
